{
  "object": {
    "pins": [
      {
        "package": "AppAuth",
        "repositoryURL": "https://github.com/openid/AppAuth-iOS.git",
        "state": {
          "branch": null,
          "revision": "3d36a58a2b736f7bc499453e996a704929b25080",
          "version": "1.6.0"
        }
      },
      {
        "package": "AsyncLocationKit",
        "repositoryURL": "https://github.com/AsyncSwift/AsyncLocationKit.git",
        "state": {
          "branch": null,
          "revision": "485a6e173d7f73fc7aeb120501810d3310e905be",
          "version": "1.5.6"
        }
      },
      {
        "package": "itwin-mobile-native",
        "repositoryURL": "https://github.com/iTwin/mobile-native-ios",
        "state": {
          "branch": null,
          "revision": "524b213b8308e81d2ac85ec302c241fedf554523",
          "version": "4.3.6"
        }
      },
      {
        "package": "Reachability",
        "repositoryURL": "https://github.com/ashleymills/Reachability.swift",
        "state": {
          "branch": null,
          "revision": "c01bbdf2d633cf049ae1ed1a68a2020a8bda32e2",
          "version": "5.1.0"
        }
      }
    ]
  },
  "version": 1
}
